
Microsoft Visual Studio Solution File, Format Version 12.00
# Visual Studio Version 17
VisualStudioVersion = 17.0.31903.59
MinimumVisualStudioVersion = 10.0.40219.1
Project("{FAE04EC0-301F-11D3-BF4B-00C04F79EFBC}") = "LocalMcpServer", "LocalMcpServer\LocalMcpServer.csproj", "{6BC58B2E-86FA-4352-8FA3-86082CA5641E}"
EndProject
Project("{FAE04EC0-301F-11D3-BF4B-00C04F79EFBC}") = "RemoteMcpServer", "RemoteMcpServer\RemoteMcpServer.csproj", "{72E3B577-13D0-4CCA-BB3B-948E423853E2}"
EndProject
Global
	GlobalSection(SolutionConfigurationPlatforms) = preSolution
		Debug|Any CPU = Debug|Any CPU
		Release|Any CPU = Release|Any CPU
	EndGlobalSection
	GlobalSection(SolutionProperties) = preSolution
		HideSolutionNode = FALSE
	EndGlobalSection
	GlobalSection(ProjectConfigurationPlatforms) = postSolution
		{6BC58B2E-86FA-4352-8FA3-86082CA5641E}.Debug|Any CPU.ActiveCfg = Debug|Any CPU
		{6BC58B2E-86FA-4352-8FA3-86082CA5641E}.Debug|Any CPU.Build.0 = Debug|Any CPU
		{6BC58B2E-86FA-4352-8FA3-86082CA5641E}.Release|Any CPU.ActiveCfg = Release|Any CPU
		{6BC58B2E-86FA-4352-8FA3-86082CA5641E}.Release|Any CPU.Build.0 = Release|Any CPU
		{72E3B577-13D0-4CCA-BB3B-948E423853E2}.Debug|Any CPU.ActiveCfg = Debug|Any CPU
		{72E3B577-13D0-4CCA-BB3B-948E423853E2}.Debug|Any CPU.Build.0 = Debug|Any CPU
		{72E3B577-13D0-4CCA-BB3B-948E423853E2}.Release|Any CPU.ActiveCfg = Release|Any CPU
		{72E3B577-13D0-4CCA-BB3B-948E423853E2}.Release|Any CPU.Build.0 = Release|Any CPU
	EndGlobalSection
EndGlobal
